
Microsoft Visual Studio Solution File, Format Version 12.00
# Visual Studio Version 16
VisualStudioVersion = 16.0.31605.320
MinimumVisualStudioVersion = 10.0.40219.1
Project("{2150E333-8FDC-42A3-9474-1A3956D46DE8}") = "Solution Items", "Solution Items", "{8634CC1E-1F13-4C1E-994A-5153B6FFE031}"
	ProjectSection(SolutionItems) = preProject
		build.yml = build.yml
		LICENSE = LICENSE
		README.md = README.md
	EndProjectSection
EndProject
Project("{9A19103F-16F7-4668-BE54-9A1E7A4F7556}") = "NuGetCleaner.CLI", "NuGetCleaner.CLI\NuGetCleaner.CLI.csproj", "{16623F29-D828-4514-AF5E-3B7C7A95FFBE}"
EndProject
Project("{2150E333-8FDC-42A3-9474-1A3956D46DE8}") = "Tests", "Tests", "{57FDF38B-5B5B-40B8-9A94-642FA96C727B}"
EndProject
Project("{9A19103F-16F7-4668-BE54-9A1E7A4F7556}") = "NuGetCleaner.CLI.Tests", "Tests\NuGetCleaner.CLI.Tests\NuGetCleaner.CLI.Tests.csproj", "{55A0C1F4-E3CF-4283-AFD8-DE7BC68F231C}"
EndProject
Project("{FAE04EC0-301F-11D3-BF4B-00C04F79EFBC}") = "NuGetCleaner", "NuGetCleaner\NuGetCleaner.csproj", "{C337C343-C2AF-4965-833A-38ACF2DDE1FB}"
EndProject
Project("{FAE04EC0-301F-11D3-BF4B-00C04F79EFBC}") = "NuGetCleaner.Testdata", "Tests\NuGetCleaner.Testdata\NuGetCleaner.Testdata.csproj", "{3A0CBF05-187B-4960-A412-98549CD6F552}"
EndProject
Project("{FAE04EC0-301F-11D3-BF4B-00C04F79EFBC}") = "NuGetCleaner.Tests", "Tests\NuGetCleaner.Tests\NuGetCleaner.Tests.csproj", "{A9F37E60-2FA0-460A-B09C-922DB19B302C}"
EndProject
Global
	GlobalSection(SolutionConfigurationPlatforms) = preSolution
		Debug|Any CPU = Debug|Any CPU
		Release|Any CPU = Release|Any CPU
	EndGlobalSection
	GlobalSection(ProjectConfigurationPlatforms) = postSolution
		{16623F29-D828-4514-AF5E-3B7C7A95FFBE}.Debug|Any CPU.ActiveCfg = Debug|Any CPU
		{16623F29-D828-4514-AF5E-3B7C7A95FFBE}.Debug|Any CPU.Build.0 = Debug|Any CPU
		{16623F29-D828-4514-AF5E-3B7C7A95FFBE}.Release|Any CPU.ActiveCfg = Release|Any CPU
		{16623F29-D828-4514-AF5E-3B7C7A95FFBE}.Release|Any CPU.Build.0 = Release|Any CPU
		{55A0C1F4-E3CF-4283-AFD8-DE7BC68F231C}.Debug|Any CPU.ActiveCfg = Debug|Any CPU
		{55A0C1F4-E3CF-4283-AFD8-DE7BC68F231C}.Debug|Any CPU.Build.0 = Debug|Any CPU
		{55A0C1F4-E3CF-4283-AFD8-DE7BC68F231C}.Release|Any CPU.ActiveCfg = Release|Any CPU
		{55A0C1F4-E3CF-4283-AFD8-DE7BC68F231C}.Release|Any CPU.Build.0 = Release|Any CPU
		{C337C343-C2AF-4965-833A-38ACF2DDE1FB}.Debug|Any CPU.ActiveCfg = Debug|Any CPU
		{C337C343-C2AF-4965-833A-38ACF2DDE1FB}.Debug|Any CPU.Build.0 = Debug|Any CPU
		{C337C343-C2AF-4965-833A-38ACF2DDE1FB}.Release|Any CPU.ActiveCfg = Release|Any CPU
		{C337C343-C2AF-4965-833A-38ACF2DDE1FB}.Release|Any CPU.Build.0 = Release|Any CPU
		{3A0CBF05-187B-4960-A412-98549CD6F552}.Debug|Any CPU.ActiveCfg = Debug|Any CPU
		{3A0CBF05-187B-4960-A412-98549CD6F552}.Debug|Any CPU.Build.0 = Debug|Any CPU
		{3A0CBF05-187B-4960-A412-98549CD6F552}.Release|Any CPU.ActiveCfg = Release|Any CPU
		{3A0CBF05-187B-4960-A412-98549CD6F552}.Release|Any CPU.Build.0 = Release|Any CPU
		{A9F37E60-2FA0-460A-B09C-922DB19B302C}.Debug|Any CPU.ActiveCfg = Debug|Any CPU
		{A9F37E60-2FA0-460A-B09C-922DB19B302C}.Debug|Any CPU.Build.0 = Debug|Any CPU
		{A9F37E60-2FA0-460A-B09C-922DB19B302C}.Release|Any CPU.ActiveCfg = Release|Any CPU
		{A9F37E60-2FA0-460A-B09C-922DB19B302C}.Release|Any CPU.Build.0 = Release|Any CPU
	EndGlobalSection
	GlobalSection(SolutionProperties) = preSolution
		HideSolutionNode = FALSE
	EndGlobalSection
	GlobalSection(NestedProjects) = preSolution
		{55A0C1F4-E3CF-4283-AFD8-DE7BC68F231C} = {57FDF38B-5B5B-40B8-9A94-642FA96C727B}
		{3A0CBF05-187B-4960-A412-98549CD6F552} = {57FDF38B-5B5B-40B8-9A94-642FA96C727B}
		{A9F37E60-2FA0-460A-B09C-922DB19B302C} = {57FDF38B-5B5B-40B8-9A94-642FA96C727B}
	EndGlobalSection
	GlobalSection(ExtensibilityGlobals) = postSolution
		SolutionGuid = {4E111C2B-E792-45F9-99F9-00D127A270A5}
	EndGlobalSection
EndGlobal
